
Microsoft Visual Studio Solution File, Format Version 12.00
# Visual Studio Version 16
VisualStudioVersion = 16.0.29215.179
MinimumVisualStudioVersion = 10.0.40219.1
Project("{8BC9CEB8-8B4A-11D0-8D11-00A0C91BC942}") = "2019-10-02-Classwork", "2019-10-02-Classwork\2019-10-02-Classwork.vcxproj", "{AFA7AB52-59F6-4A2A-A864-82FC0F82287A}"
EndProject
Global
	GlobalSection(SolutionConfigurationPlatforms) = preSolution
		Debug|x64 = Debug|x64
		Debug|x86 = Debug|x86
		Release|x64 = Release|x64
		Release|x86 = Release|x86
	EndGlobalSection
	GlobalSection(ProjectConfigurationPlatforms) = postSolution
		{AFA7AB52-59F6-4A2A-A864-82FC0F82287A}.Debug|x64.ActiveCfg = Debug|x64
		{AFA7AB52-59F6-4A2A-A864-82FC0F82287A}.Debug|x64.Build.0 = Debug|x64
		{AFA7AB52-59F6-4A2A-A864-82FC0F82287A}.Debug|x86.ActiveCfg = Debug|Win32
		{AFA7AB52-59F6-4A2A-A864-82FC0F82287A}.Debug|x86.Build.0 = Debug|Win32
		{AFA7AB52-59F6-4A2A-A864-82FC0F82287A}.Release|x64.ActiveCfg = Release|x64
		{AFA7AB52-59F6-4A2A-A864-82FC0F82287A}.Release|x64.Build.0 = Release|x64
		{AFA7AB52-59F6-4A2A-A864-82FC0F82287A}.Release|x86.ActiveCfg = Release|Win32
		{AFA7AB52-59F6-4A2A-A864-82FC0F82287A}.Release|x86.Build.0 = Release|Win32
	EndGlobalSection
	GlobalSection(SolutionProperties) = preSolution
		HideSolutionNode = FALSE
	EndGlobalSection
	GlobalSection(ExtensibilityGlobals) = postSolution
		SolutionGuid = {D1FDDC64-9C4A-4A45-ACD8-0BAA54AFAA66}
	EndGlobalSection
EndGlobal
